{
  "lockfileVersion": 1,
  "configVersion": 0,
  "workspaces": {
    "": {
      "name": "cold2",
      "dependencies": {
        "@jsr/fiatjaf__promenade-trusted-dealer": "^0.4.3",
        "@noble/ciphers": "^2.1.1",
        "@scure/base": "^1.2.6",
        "@scure/bip32": "^1.7.0",
        "@scure/bip39": "^1.6.0",
        "@scure/btc-signer": "^1.8.1",
        "jsqr": "^1.4.0",
        "nostr-tools": "^2.23.5",
        "qrcode-generator": "^2.0.4",
      },
      "devDependencies": {
        "puppeteer-core": "^25.1.0",
      },
    },
  },
  "packages": {
    "@jsr/fiatjaf__promenade-trusted-dealer": ["@jsr/fiatjaf__promenade-trusted-dealer@0.4.3", "https://npm.jsr.io/~/11/@jsr/fiatjaf__promenade-trusted-dealer/0.4.3.tgz", { "dependencies": { "@jsr/henrygd__semaphore": "^0.0.2", "@jsr/nostr__tools": "2.16.2", "@noble/curves": "^1.6.0" } }, "sha512-Eyo7TXFtdHM41KI7p30K7osxWE0tNVibNUNIUl5CS2FJD7bxIcWvGXukJ16BBUdxtGy5+mI/CGhrKusJU14PzA=="],

    "@jsr/henrygd__semaphore": ["@jsr/henrygd__semaphore@0.0.2", "https://npm.jsr.io/~/11/@jsr/henrygd__semaphore/0.0.2.tgz", {}, "sha512-nrwZ8HaqU1Agb2ij8omIxaOCAsKkDHWcwS9hTRumPhZuptwh6/0BJExBd8+eClTYM7jBnZxK+cP4WJRTcHBvCA=="],

    "@jsr/nostr__tools": ["@jsr/nostr__tools@2.16.2", "https://npm.jsr.io/~/11/@jsr/nostr__tools/2.16.2.tgz", { "dependencies": { "@noble/ciphers": "^0.5.1", "@noble/curves": "1.2.0", "@noble/hashes": "1.3.1", "@scure/base": "1.1.1", "@scure/bip32": "1.3.1", "@scure/bip39": "1.2.1", "nostr-wasm": "0.1.0" } }, "sha512-QK1XwHvAnqEwbimD+ywbLQ3T2iI+/qE/zrRgOhmtjoEGlCWgtbPTNJ6Y/MEunXr6H/MnuHV+s400i/Yk4suvGQ=="],

    "@noble/ciphers": ["@noble/ciphers@2.1.1", "", {}, "sha512-bysYuiVfhxNJuldNXlFEitTVdNnYUc+XNJZd7Qm2a5j1vZHgY+fazadNFWFaMK/2vye0JVlxV3gHmC0WDfAOQw=="],

    "@noble/curves": ["@noble/curves@1.9.2", "", { "dependencies": { "@noble/hashes": "1.8.0" } }, "sha512-HxngEd2XUcg9xi20JkwlLCtYwfoFw4JGkuZpT+WlsPD4gB/cxkvTD8fSsoAnphGZhFdZYKeQIPCuFlWPm1uE0g=="],

    "@noble/hashes": ["@noble/hashes@1.8.0", "", {}, "sha512-jCs9ldd7NwzpgXDIf6P3+NrHh9/sD6CQdxHyjQI+h/6rDNo88ypBxxz45UDuZHz9r3tNz7N/VInSVoVdtXEI4A=="],

    "@puppeteer/browsers": ["@puppeteer/browsers@3.0.4", "", { "dependencies": { "modern-tar": "^0.7.6", "yargs": "^17.7.2" }, "peerDependencies": { "proxy-agent": ">=8.0.1" }, "optionalPeers": ["proxy-agent"], "bin": { "browsers": "lib/main-cli.js" } }, "sha512-HGM8iAmGTf+Y7t0373szVbTmt3d7vPkYL/1bpOkOFO0YUYLgSeuYBCzESklogNPvOBnZ/MRD5f07OkpqH1trtA=="],

    "@scure/base": ["@scure/base@1.2.6", "", {}, "sha512-g/nm5FgUa//MCj1gV09zTJTaM6KBAHqLN907YVQqf7zC49+DcO4B1so4ZX07Ef10Twr6nuqYEH9GEggFXA4Fmg=="],

    "@scure/bip32": ["@scure/bip32@1.7.0", "", { "dependencies": { "@noble/curves": "~1.9.0", "@noble/hashes": "~1.8.0", "@scure/base": "~1.2.5" } }, "sha512-E4FFX/N3f4B80AKWp5dP6ow+flD1LQZo/w8UnLGYZO674jS6YnYeepycOOksv+vLPSpgN35wgKgy+ybfTb2SMw=="],

    "@scure/bip39": ["@scure/bip39@1.6.0", "", { "dependencies": { "@noble/hashes": "~1.8.0", "@scure/base": "~1.2.5" } }, "sha512-+lF0BbLiJNwVlev4eKelw1WWLaiKXw7sSl8T6FvBlWkdX+94aGJ4o8XjUdlyhTCjd8c+B3KT3JfS8P0bLRNU6A=="],

    "@scure/btc-signer": ["@scure/btc-signer@1.8.1", "", { "dependencies": { "@noble/curves": "~1.9.0", "@noble/hashes": "~1.8.0", "@scure/base": "~1.2.5", "micro-packed": "~0.7.3" } }, "sha512-8nX9T++dFyKpvqksNHfSi9CgRsGnHAQtCdIQ1y1GmbCGLpV97v4MUyemUUT6uDumKL3oo3m4niyY6A32nmdLuQ=="],

    "ansi-regex": ["ansi-regex@5.0.1", "", {}, "sha512-quJQXlTSUGL2LH9SUXo8VwsY4soanhgo6LNSm84E1LBcE8s3O0wpdiRzyR9z/ZZJMlMWv37qOOb9pdJlMUEKFQ=="],

    "ansi-styles": ["ansi-styles@4.3.0", "", { "dependencies": { "color-convert": "^2.0.1" } }, "sha512-zbB9rCJAT1rbjiVDb2hqKFHNYLxgtk8NURxZ3IZwD3F6NtxbXZQCnnSi1Lkx+IDohdPlFp222wVALIheZJQSEg=="],

    "chromium-bidi": ["chromium-bidi@16.0.1", "", { "dependencies": { "mitt": "^3.0.1", "zod": "^3.24.1" }, "peerDependencies": { "devtools-protocol": "*" } }, "sha512-J63PGu/9PpeCwLIcKYyzWP6yaVL5pxuBc0shlYCYM8BaAkmlwiQboXO1iNbOgSDbVklEyYFfNEcHD8oOAWacUA=="],

    "cliui": ["cliui@8.0.1", "", { "dependencies": { "string-width": "^4.2.0", "strip-ansi": "^6.0.1", "wrap-ansi": "^7.0.0" } }, "sha512-BSeNnyus75C4//NQ9gQt1/csTXyo/8Sb+afLAkzAptFuMsod9HFokGNudZpi/oQV73hnVK+sR+5PVRMd+Dr7YQ=="],

    "color-convert": ["color-convert@2.0.1", "", { "dependencies": { "color-name": "~1.1.4" } }, "sha512-RRECPsj7iu/xb5oKYcsFHSppFNnsj/52OVTRKb4zP5onXwVF3zVmmToNcOfGC+CRDpfK/U584fMg38ZHCaElKQ=="],

    "color-name": ["color-name@1.1.4", "", {}, "sha512-dOy+3AuW3a2wNbZHIuMZpTcgjGuLU/uBL/ubcZF9OXbDo8ff4O8yVp5Bf0efS8uEoYo5q4Fx7dY9OgQGXgAsQA=="],

    "devtools-protocol": ["devtools-protocol@0.0.1624250", "", {}, "sha512-YFAat/lOiIk0ARmBweG+ygrEcbZrq5B9urRyUoeQKp53MlidHXE2TmTbxKcaXoQj7u/aX+jebDO4BW55rs0WwA=="],

    "emoji-regex": ["emoji-regex@8.0.0", "", {}, "sha512-MSjYzcWNOA0ewAHpz0MxpYFvwg6yjy1NG3xteoqz644VCo/RPgnr1/GGt+ic3iJTzQ8Eu3TdM14SawnVUmGE6A=="],

    "escalade": ["escalade@3.2.0", "", {}, "sha512-WUj2qlxaQtO4g6Pq5c29GTcWGDyd8itL8zTlipgECz3JesAiiOKotd8JU6otB3PACgG6xkJUyVhboMS+bje/jA=="],

    "get-caller-file": ["get-caller-file@2.0.5", "", {}, "sha512-DyFP3BM/3YHTQOCUL/w0OZHR0lpKeGrxotcHWcqNEdnltqFwXVfhEBQ94eIo34AfQpo0rGki4cyIiftY06h2Fg=="],

    "is-fullwidth-code-point": ["is-fullwidth-code-point@3.0.0", "", {}, "sha512-zymm5+u+sCsSWyD9qNaejV3DFvhCKclKdizYaJUuHA83RLjb7nSuGnddCHGv0hk+KY7BMAlsWeK4Ueg6EV6XQg=="],

    "jsqr": ["jsqr@1.4.0", "", {}, "sha512-dxLob7q65Xg2DvstYkRpkYtmKm2sPJ9oFhrhmudT1dZvNFFTlroai3AWSpLey/w5vMcLBXRgOJsbXpdN9HzU/A=="],

    "micro-packed": ["micro-packed@0.7.3", "", { "dependencies": { "@scure/base": "~1.2.5" } }, "sha512-2Milxs+WNC00TRlem41oRswvw31146GiSaoCT7s3Xi2gMUglW5QBeqlQaZeHr5tJx9nm3i57LNXPqxOOaWtTYg=="],

    "mitt": ["mitt@3.0.1", "", {}, "sha512-vKivATfr97l2/QBCYAkXYDbrIWPM2IIKEl7YPhjCvKlG3kE2gm+uBo6nEXK3M5/Ffh/FLpKExzOQ3JJoJGFKBw=="],

    "modern-tar": ["modern-tar@0.7.6", "", {}, "sha512-sweCIVXzx1aIGTCdzcMlSZt1h8k5Tmk08VNAuRk3IU28XamGiOH5ypi11g6De2CH7PhYqSSnGy2A/EFhbWnVKg=="],

    "nostr-tools": ["nostr-tools@2.23.5", "", { "dependencies": { "@noble/ciphers": "2.1.1", "@noble/curves": "2.0.1", "@noble/hashes": "2.0.1", "@scure/base": "2.0.0", "@scure/bip32": "2.0.1", "@scure/bip39": "2.0.1", "nostr-wasm": "0.1.0" }, "peerDependencies": { "typescript": ">=5.0.0" }, "optionalPeers": ["typescript"] }, "sha512-Fa7ZlUdjfUW1P4E7H3yBexhOHYi18XNyvd2n7eNHkYR085xADX6Y8V8Vm7nT/XQajaFOBrptXmVIGkJ2E4vfVw=="],

    "nostr-wasm": ["nostr-wasm@0.1.0", "", {}, "sha512-78BTryCLcLYv96ONU8Ws3Q1JzjlAt+43pWQhIl86xZmWeegYCNLPml7yQ+gG3vR6V5h4XGj+TxO+SS5dsThQIA=="],

    "puppeteer-core": ["puppeteer-core@25.1.0", "", { "dependencies": { "@puppeteer/browsers": "3.0.4", "chromium-bidi": "16.0.1", "devtools-protocol": "0.0.1624250", "typed-query-selector": "^2.12.2", "webdriver-bidi-protocol": "0.4.2", "ws": "^8.21.0" } }, "sha512-jKzy5y4WG6uNuFbTWgW1D7mqoT9o0nllc/6a1DGF775T1mPmgw3scdFEtEq67yVFikavQmbYq6NLfbTfxHSlqQ=="],

    "qrcode-generator": ["qrcode-generator@2.0.4", "", {}, "sha512-mZSiP6RnbHl4xL2Ap5HfkjLnmxfKcPWpWe/c+5XxCuetEenqmNFf1FH/ftXPCtFG5/TDobjsjz6sSNL0Sr8Z9g=="],

    "require-directory": ["require-directory@2.1.1", "", {}, "sha512-fGxEI7+wsG9xrvdjsrlmL22OMTTiHRwAMroiEeMgq8gzoLC/PQr7RsRDSTLUg/bZAZtF+TVIkHc6/4RIKrui+Q=="],

    "string-width": ["string-width@4.2.3", "", { "dependencies": { "emoji-regex": "^8.0.0", "is-fullwidth-code-point": "^3.0.0", "strip-ansi": "^6.0.1" } }, "sha512-wKyQRQpjJ0sIp62ErSZdGsjMJWsap5oRNihHhu6G7JVO/9jIB6UyevL+tXuOqrng8j/cxKTWyWUwvSTriiZz/g=="],

    "strip-ansi": ["strip-ansi@6.0.1", "", { "dependencies": { "ansi-regex": "^5.0.1" } }, "sha512-Y38VPSHcqkFrCpFnQ9vuSXmquuv5oXOKpGeT6aGrr3o3Gc9AlVa6JBfUSOCnbxGGZF+/0ooI7KrPuUSztUdU5A=="],

    "typed-query-selector": ["typed-query-selector@2.12.2", "", {}, "sha512-EOPFbyIub4ngnEdqi2yOcNeDLaX/0jcE1JoAXQDDMIthap7FoN795lc/SHfIq2d416VufXpM8z/lD+WRm2gfOQ=="],

    "webdriver-bidi-protocol": ["webdriver-bidi-protocol@0.4.2", "", {}, "sha512-VSV+fzfChirL3e7jay2yUC7B4HQCGtEWEg/MSSQbK+qWbqeGlRLlXTzPpYr3XGUvbpDHumWZBJxgesg4N7dbtA=="],

    "wrap-ansi": ["wrap-ansi@7.0.0", "", { "dependencies": { "ansi-styles": "^4.0.0", "string-width": "^4.1.0", "strip-ansi": "^6.0.0" } }, "sha512-YVGIj2kamLSTxw6NsZjoBxfSwsn0ycdesmc4p+Q21c5zPuZ1pl+NfxVdxPtdHvmNVOQ6XSYG4AUtyt/Fi7D16Q=="],

    "ws": ["ws@8.21.0", "", { "peerDependencies": { "bufferutil": "^4.0.1", "utf-8-validate": ">=5.0.2" }, "optionalPeers": ["bufferutil", "utf-8-validate"] }, "sha512-Vsp28b7DRcimFQvrqu2Wek3z1iYxDCWqHYB8Qsnk/S4RfaCQzPGPyBNuVjJV3cd6UiKtUtp6sNM77gWvzcCH+g=="],

    "y18n": ["y18n@5.0.8", "", {}, "sha512-0pfFzegeDWJHJIAmTLRP2DwHjdF5s7jo9tuztdQxAhINCdvS+3nGINqPd00AphqJR/0LhANUS6/+7SCb98YOfA=="],

    "yargs": ["yargs@17.7.2", "", { "dependencies": { "cliui": "^8.0.1", "escalade": "^3.1.1", "get-caller-file": "^2.0.5", "require-directory": "^2.1.1", "string-width": "^4.2.3", "y18n": "^5.0.5", "yargs-parser": "^21.1.1" } }, "sha512-7dSzzRQ++CKnNI/krKnYRV7JKKPUXMEh61soaHKg9mrWEhzFWhFnxPxGl+69cD1Ou63C13NUPCnmIcrvqCuM6w=="],

    "yargs-parser": ["yargs-parser@21.1.1", "", {}, "sha512-tVpsJW7DdjecAiFpbIB1e3qxIQsE6NoPc5/eTdrbbIC4h0LVsWhnoa3g+m2HclBIujHzsxZ4VJVA+GUuc2/LBw=="],

    "zod": ["zod@3.25.76", "", {}, "sha512-gzUt/qt81nXsFGKIFcC3YnfEAx5NkunCfnDlvuBSSFS02bcXu4Lmea0AFIUwbLWxWPx3d9p8S5QoaujKcNQxcQ=="],

    "@jsr/nostr__tools/@noble/ciphers": ["@noble/ciphers@0.5.3", "", {}, "sha512-B0+6IIHiqEs3BPMT0hcRmHvEj2QHOLu+uwt+tqDDeVd0oyVzh7BPrDcPjRnV1PV/5LaknXJJQvOuRGR0zQJz+w=="],

    "@jsr/nostr__tools/@noble/curves": ["@noble/curves@1.2.0", "", { "dependencies": { "@noble/hashes": "1.3.2" } }, "sha512-oYclrNgRaM9SsBUBVbb8M6DTV7ZHRTKugureoYEncY5c65HOmRzvSiTE3y5CYaPYJA/GVkrhXEoF0M3Ya9PMnw=="],

    "@jsr/nostr__tools/@noble/hashes": ["@noble/hashes@1.3.1", "", {}, "sha512-EbqwksQwz9xDRGfDST86whPBgM65E0OH/pCgqW0GBVzO22bNE+NuIbeTb714+IfSjU3aRk47EUvXIb5bTsenKA=="],

    "@jsr/nostr__tools/@scure/base": ["@scure/base@1.1.1", "", {}, "sha512-ZxOhsSyxYwLJj3pLZCefNitxsj093tb2vq90mp2txoYeBqbcjDjqFhyM8eUjq/uFm6zJ+mUuqxlS2FkuSY1MTA=="],

    "@jsr/nostr__tools/@scure/bip32": ["@scure/bip32@1.3.1", "", { "dependencies": { "@noble/curves": "~1.1.0", "@noble/hashes": "~1.3.1", "@scure/base": "~1.1.0" } }, "sha512-osvveYtyzdEVbt3OfwwXFr4P2iVBL5u1Q3q4ONBfDY/UpOuXmOlbgwc1xECEboY8wIays8Yt6onaWMUdUbfl0A=="],

    "@jsr/nostr__tools/@scure/bip39": ["@scure/bip39@1.2.1", "", { "dependencies": { "@noble/hashes": "~1.3.0", "@scure/base": "~1.1.0" } }, "sha512-Z3/Fsz1yr904dduJD0NpiyRHhRYHdcnyh73FZWiV+/qhWi83wNJ3NWolYqCEN+ZWsUz2TWwajJggcRE9r1zUYg=="],

    "nostr-tools/@noble/curves": ["@noble/curves@2.0.1", "", { "dependencies": { "@noble/hashes": "2.0.1" } }, "sha512-vs1Az2OOTBiP4q0pwjW5aF0xp9n4MxVrmkFBxc6EKZc6ddYx5gaZiAsZoq0uRRXWbi3AT/sBqn05eRPtn1JCPw=="],

    "nostr-tools/@noble/hashes": ["@noble/hashes@2.0.1", "", {}, "sha512-XlOlEbQcE9fmuXxrVTXCTlG2nlRXa9Rj3rr5Ue/+tX+nmkgbX720YHh0VR3hBF9xDvwnb8D2shVGOwNx+ulArw=="],

    "nostr-tools/@scure/base": ["@scure/base@2.0.0", "", {}, "sha512-3E1kpuZginKkek01ovG8krQ0Z44E3DHPjc5S2rjJw9lZn3KSQOs8S7wqikF/AH7iRanHypj85uGyxk0XAyC37w=="],

    "nostr-tools/@scure/bip32": ["@scure/bip32@2.0.1", "", { "dependencies": { "@noble/curves": "2.0.1", "@noble/hashes": "2.0.1", "@scure/base": "2.0.0" } }, "sha512-4Md1NI5BzoVP+bhyJaY3K6yMesEFzNS1sE/cP+9nuvE7p/b0kx9XbpDHHFl8dHtufcbdHRUUQdRqLIPHN/s7yA=="],

    "nostr-tools/@scure/bip39": ["@scure/bip39@2.0.1", "", { "dependencies": { "@noble/hashes": "2.0.1", "@scure/base": "2.0.0" } }, "sha512-PsxdFj/d2AcJcZDX1FXN3dDgitDDTmwf78rKZq1a6c1P1Nan1X/Sxc7667zU3U+AN60g7SxxP0YCVw2H/hBycg=="],

    "@jsr/nostr__tools/@noble/curves/@noble/hashes": ["@noble/hashes@1.3.2", "", {}, "sha512-MVC8EAQp7MvEcm30KWENFjgR+Mkmf+D189XJTkFIlwohU5hcBbn1ZkKq7KVTi2Hme3PMGF390DaL52beVrIihQ=="],

    "@jsr/nostr__tools/@scure/bip32/@noble/curves": ["@noble/curves@1.1.0", "", { "dependencies": { "@noble/hashes": "1.3.1" } }, "sha512-091oBExgENk/kGj3AZmtBDMpxQPDtxQABR2B9lb1JbVTs6ytdzZNwvhxQ4MWasRNEzlbEH8jCWFCwhF/Obj5AA=="],

    "@jsr/nostr__tools/@scure/bip32/@noble/hashes": ["@noble/hashes@1.3.2", "", {}, "sha512-MVC8EAQp7MvEcm30KWENFjgR+Mkmf+D189XJTkFIlwohU5hcBbn1ZkKq7KVTi2Hme3PMGF390DaL52beVrIihQ=="],

    "@jsr/nostr__tools/@scure/bip39/@noble/hashes": ["@noble/hashes@1.3.2", "", {}, "sha512-MVC8EAQp7MvEcm30KWENFjgR+Mkmf+D189XJTkFIlwohU5hcBbn1ZkKq7KVTi2Hme3PMGF390DaL52beVrIihQ=="],

    "@jsr/nostr__tools/@scure/bip32/@noble/curves/@noble/hashes": ["@noble/hashes@1.3.1", "", {}, "sha512-EbqwksQwz9xDRGfDST86whPBgM65E0OH/pCgqW0GBVzO22bNE+NuIbeTb714+IfSjU3aRk47EUvXIb5bTsenKA=="],
  }
}
